<?xml version="1.0" encoding="utf-8"?>
<Project ToolsVersion="4.0" xmlns="http://schemas.microsoft.com/developer/msbuild/2003">
  <ItemGroup>
    <Filter Include="EGXAtom">
      <UniqueIdentifier>{535936c9-7676-410b-894b-5a1dc5adce05}</UniqueIdentifier>
    </Filter>
    <Filter Include="Tests">
      <UniqueIdentifier>{a59d9286-d962-45ad-a184-15a24fa610eb}</UniqueIdentifier>
    </Filter>
    <Filter Include="EGXAtom\AtomicName">
      <UniqueIdentifier>{9ec98bea-6525-4227-8531-a7bd9f0c5318}</UniqueIdentifier>
    </Filter>
    <Filter Include="EGXAtom\NewFilter1">
      <UniqueIdentifier>{10fa1ae8-13da-4a14-8353-bfd7a3645379}</UniqueIdentifier>
    </Filter>
  </ItemGroup>
  <ItemGroup>
    <ClInclude Include="..\..\..\tests\catch.hpp">
      <Filter>Tests</Filter>
    </ClInclude>
  </ItemGroup>
  <ItemGroup>
    <ClCompile Include="..\..\..\tests\unitTest.cpp">
      <Filter>Tests</Filter>
    </ClCompile>
  </ItemGroup>
</Project>